
Microsoft Visual Studio Solution File, Format Version 12.00
# Visual Studio Version 17
VisualStudioVersion = 17.13.35825.156 d17.13
MinimumVisualStudioVersion = 10.0.40219.1
Project("{FAE04EC0-301F-11D3-BF4B-00C04F79EFBC}") = "CSharpMDGen", "CSharpMDGen.csproj", "{AFD7F382-1AAE-45D1-A6A2-8A2961160311}"
EndProject
Global
	GlobalSection(SolutionConfigurationPlatforms) = preSolution
		Debug|Any CPU = Debug|Any CPU
		Release|Any CPU = Release|Any CPU
	EndGlobalSection
	GlobalSection(ProjectConfigurationPlatforms) = postSolution
		{AFD7F382-1AAE-45D1-A6A2-8A2961160311}.Debug|Any CPU.ActiveCfg = Debug|Any CPU
		{AFD7F382-1AAE-45D1-A6A2-8A2961160311}.Debug|Any CPU.Build.0 = Debug|Any CPU
		{AFD7F382-1AAE-45D1-A6A2-8A2961160311}.Release|Any CPU.ActiveCfg = Release|Any CPU
		{AFD7F382-1AAE-45D1-A6A2-8A2961160311}.Release|Any CPU.Build.0 = Release|Any CPU
	EndGlobalSection
	GlobalSection(SolutionProperties) = preSolution
		HideSolutionNode = FALSE
	EndGlobalSection
	GlobalSection(ExtensibilityGlobals) = postSolution
		SolutionGuid = {4353AB92-138E-4591-9C68-E461DB1DF645}
	EndGlobalSection
EndGlobal
